
Microsoft Visual Studio Solution File, Format Version 12.00
# Visual Studio Version 17
VisualStudioVersion = 17.13.35818.85 d17.13
MinimumVisualStudioVersion = 10.0.40219.1
Project("{FAE04EC0-301F-11D3-BF4B-00C04F79EFBC}") = "BD_Final_Project", "BD_Final_Project.csproj", "{226AA08C-30D4-479C-ABD4-D4094302D02F}"
EndProject
Global
	GlobalSection(SolutionConfigurationPlatforms) = preSolution
		Debug|Any CPU = Debug|Any CPU
		Release|Any CPU = Release|Any CPU
	EndGlobalSection
	GlobalSection(ProjectConfigurationPlatforms) = postSolution
		{226AA08C-30D4-479C-ABD4-D4094302D02F}.Debug|Any CPU.ActiveCfg = Debug|Any CPU
		{226AA08C-30D4-479C-ABD4-D4094302D02F}.Debug|Any CPU.Build.0 = Debug|Any CPU
		{226AA08C-30D4-479C-ABD4-D4094302D02F}.Release|Any CPU.ActiveCfg = Release|Any CPU
		{226AA08C-30D4-479C-ABD4-D4094302D02F}.Release|Any CPU.Build.0 = Release|Any CPU
	EndGlobalSection
	GlobalSection(SolutionProperties) = preSolution
		HideSolutionNode = FALSE
	EndGlobalSection
	GlobalSection(ExtensibilityGlobals) = postSolution
		SolutionGuid = {8DEE2823-E787-44EC-863A-F5B2DA5ACCEF}
	EndGlobalSection
EndGlobal
